
Microsoft Visual Studio Solution File, Format Version 12.00
# Visual Studio Version 17
VisualStudioVersion = 17.0.31919.166
MinimumVisualStudioVersion = 10.0.40219.1
Project("{2150E333-8FDC-42A3-9474-1A3956D46DE8}") = "01. Services", "01. Services", "{ACE83F89-6F6E-46E7-9337-D00BD3CDE174}"
EndProject
Project("{2150E333-8FDC-42A3-9474-1A3956D46DE8}") = "01. ControlPortales", "01. ControlPortales", "{0CFB353F-288E-42CF-8889-4DB1CAA32CE7}"
EndProject
Project("{2150E333-8FDC-42A3-9474-1A3956D46DE8}") = "01. API", "01. API", "{A4A6386A-2DF4-48E7-B0F3-58147F6D151E}"
EndProject
Project("{2150E333-8FDC-42A3-9474-1A3956D46DE8}") = "02. Application", "02. Application", "{322019E8-C398-476B-BB31-3C7265080E33}"
EndProject
Project("{2150E333-8FDC-42A3-9474-1A3956D46DE8}") = "03. Domain", "03. Domain", "{FB625802-850F-48FD-8C74-D2655DDD7D3D}"
EndProject
Project("{2150E333-8FDC-42A3-9474-1A3956D46DE8}") = "04. Infraestructure", "04. Infraestructure", "{2012519D-5F7D-4CF7-A8D2-61842F7AEE7D}"
EndProject
Project("{9A19103F-16F7-4668-BE54-9A1E7A4F7556}") = "ControlPortales.Application", "src\Services\ControlPortales\ControlPortales.Application\ControlPortales.Application.csproj", "{8BF6B70D-629F-40CE-99FD-2C80FB2D7F6A}"
EndProject
Project("{9A19103F-16F7-4668-BE54-9A1E7A4F7556}") = "ControlPortales.Domain", "src\Services\ControlPortales\ControlPortales.Domain\ControlPortales.Domain.csproj", "{9CADA082-8CE4-4202-B933-26DA97925C4D}"
EndProject
Project("{9A19103F-16F7-4668-BE54-9A1E7A4F7556}") = "ControlPortales.Api", "src\Services\ControlPortales\ControlPortales.Api\ControlPortales.Api.csproj", "{B3CFB0A5-CD4B-4DE6-A683-5117167E5BF6}"
EndProject
Project("{9A19103F-16F7-4668-BE54-9A1E7A4F7556}") = "ControlPortales.Infraestructure.DataBase", "src\Services\ControlPortales\ControlPortales.Infraestructure.DataBase\ControlPortales.Infraestructure.DataBase.csproj", "{20EE6DF7-463A-42AF-96DD-67DF5132DB61}"
EndProject
Project("{2150E333-8FDC-42A3-9474-1A3956D46DE8}") = "02.Notifications", "02.Notifications", "{B8A87DD2-5226-42E3-A076-C5AA4109D41A}"
EndProject
Project("{2150E333-8FDC-42A3-9474-1A3956D46DE8}") = "01.API", "01.API", "{96128933-180C-4366-BF67-A246C8E8FCFB}"
EndProject
Project("{2150E333-8FDC-42A3-9474-1A3956D46DE8}") = "02.Application", "02.Application", "{E68AA57E-56BA-4010-8300-855FDF21E446}"
EndProject
Project("{2150E333-8FDC-42A3-9474-1A3956D46DE8}") = "03.Domain", "03.Domain", "{360F16A3-5339-44D0-A2DB-D8879B72D1AC}"
EndProject
Project("{2150E333-8FDC-42A3-9474-1A3956D46DE8}") = "04.Infraestructure", "04.Infraestructure", "{35A87441-4B29-494A-B3A9-92D2353AE2EC}"
EndProject
Project("{9A19103F-16F7-4668-BE54-9A1E7A4F7556}") = "Notifications.Api", "src\Services\Notifications\Notifications.Api\Notifications.Api\Notifications.Api.csproj", "{8F529DAD-7616-4D76-9E9C-04CAA4F3575B}"
EndProject
Project("{9A19103F-16F7-4668-BE54-9A1E7A4F7556}") = "Notifications.Application", "src\Services\Notifications\Notifications.Application\Notifications.Application\Notifications.Application.csproj", "{C18995AE-B812-4799-A781-308F12DC0610}"
EndProject
Project("{9A19103F-16F7-4668-BE54-9A1E7A4F7556}") = "Notifications.Domain", "src\Services\Notifications\Notifications.Domain\Notifications.Domain\Notifications.Domain.csproj", "{73D29BCE-98A1-4562-9A5D-55E5D12B8BD1}"
EndProject
Project("{9A19103F-16F7-4668-BE54-9A1E7A4F7556}") = "Notifications.Infraestructure", "src\Services\Notifications\Notifications.Infraestructure\Notifications.Infraestructure\Notifications.Infraestructure.csproj", "{6ABA572A-3B12-496F-827C-22F14141BDEA}"
EndProject
Project("{FAE04EC0-301F-11D3-BF4B-00C04F79EFBC}") = "ControlPortales.Infraestructure.Services", "ControlPortales.Infraestructure.Services\ControlPortales.Infraestructure.Services.csproj", "{80FD3B46-2E95-4E54-8259-7810FAE1F02E}"
EndProject
Global
	GlobalSection(SolutionConfigurationPlatforms) = preSolution
		Debug|Any CPU = Debug|Any CPU
		Release|Any CPU = Release|Any CPU
	EndGlobalSection
	GlobalSection(ProjectConfigurationPlatforms) = postSolution
		{8BF6B70D-629F-40CE-99FD-2C80FB2D7F6A}.Debug|Any CPU.ActiveCfg = Debug|Any CPU
		{8BF6B70D-629F-40CE-99FD-2C80FB2D7F6A}.Debug|Any CPU.Build.0 = Debug|Any CPU
		{8BF6B70D-629F-40CE-99FD-2C80FB2D7F6A}.Release|Any CPU.ActiveCfg = Release|Any CPU
		{8BF6B70D-629F-40CE-99FD-2C80FB2D7F6A}.Release|Any CPU.Build.0 = Release|Any CPU
		{9CADA082-8CE4-4202-B933-26DA97925C4D}.Debug|Any CPU.ActiveCfg = Debug|Any CPU
		{9CADA082-8CE4-4202-B933-26DA97925C4D}.Debug|Any CPU.Build.0 = Debug|Any CPU
		{9CADA082-8CE4-4202-B933-26DA97925C4D}.Release|Any CPU.ActiveCfg = Release|Any CPU
		{9CADA082-8CE4-4202-B933-26DA97925C4D}.Release|Any CPU.Build.0 = Release|Any CPU
		{B3CFB0A5-CD4B-4DE6-A683-5117167E5BF6}.Debug|Any CPU.ActiveCfg = Debug|Any CPU
		{B3CFB0A5-CD4B-4DE6-A683-5117167E5BF6}.Debug|Any CPU.Build.0 = Debug|Any CPU
		{B3CFB0A5-CD4B-4DE6-A683-5117167E5BF6}.Release|Any CPU.ActiveCfg = Release|Any CPU
		{B3CFB0A5-CD4B-4DE6-A683-5117167E5BF6}.Release|Any CPU.Build.0 = Release|Any CPU
		{20EE6DF7-463A-42AF-96DD-67DF5132DB61}.Debug|Any CPU.ActiveCfg = Debug|Any CPU
		{20EE6DF7-463A-42AF-96DD-67DF5132DB61}.Debug|Any CPU.Build.0 = Debug|Any CPU
		{20EE6DF7-463A-42AF-96DD-67DF5132DB61}.Release|Any CPU.ActiveCfg = Release|Any CPU
		{20EE6DF7-463A-42AF-96DD-67DF5132DB61}.Release|Any CPU.Build.0 = Release|Any CPU
		{8F529DAD-7616-4D76-9E9C-04CAA4F3575B}.Debug|Any CPU.ActiveCfg = Debug|Any CPU
		{8F529DAD-7616-4D76-9E9C-04CAA4F3575B}.Debug|Any CPU.Build.0 = Debug|Any CPU
		{8F529DAD-7616-4D76-9E9C-04CAA4F3575B}.Release|Any CPU.ActiveCfg = Release|Any CPU
		{8F529DAD-7616-4D76-9E9C-04CAA4F3575B}.Release|Any CPU.Build.0 = Release|Any CPU
		{C18995AE-B812-4799-A781-308F12DC0610}.Debug|Any CPU.ActiveCfg = Debug|Any CPU
		{C18995AE-B812-4799-A781-308F12DC0610}.Debug|Any CPU.Build.0 = Debug|Any CPU
		{C18995AE-B812-4799-A781-308F12DC0610}.Release|Any CPU.ActiveCfg = Release|Any CPU
		{C18995AE-B812-4799-A781-308F12DC0610}.Release|Any CPU.Build.0 = Release|Any CPU
		{73D29BCE-98A1-4562-9A5D-55E5D12B8BD1}.Debug|Any CPU.ActiveCfg = Debug|Any CPU
		{73D29BCE-98A1-4562-9A5D-55E5D12B8BD1}.Debug|Any CPU.Build.0 = Debug|Any CPU
		{73D29BCE-98A1-4562-9A5D-55E5D12B8BD1}.Release|Any CPU.ActiveCfg = Release|Any CPU
		{73D29BCE-98A1-4562-9A5D-55E5D12B8BD1}.Release|Any CPU.Build.0 = Release|Any CPU
		{6ABA572A-3B12-496F-827C-22F14141BDEA}.Debug|Any CPU.ActiveCfg = Debug|Any CPU
		{6ABA572A-3B12-496F-827C-22F14141BDEA}.Debug|Any CPU.Build.0 = Debug|Any CPU
		{6ABA572A-3B12-496F-827C-22F14141BDEA}.Release|Any CPU.ActiveCfg = Release|Any CPU
		{6ABA572A-3B12-496F-827C-22F14141BDEA}.Release|Any CPU.Build.0 = Release|Any CPU
		{80FD3B46-2E95-4E54-8259-7810FAE1F02E}.Debug|Any CPU.ActiveCfg = Debug|Any CPU
		{80FD3B46-2E95-4E54-8259-7810FAE1F02E}.Debug|Any CPU.Build.0 = Debug|Any CPU
		{80FD3B46-2E95-4E54-8259-7810FAE1F02E}.Release|Any CPU.ActiveCfg = Release|Any CPU
		{80FD3B46-2E95-4E54-8259-7810FAE1F02E}.Release|Any CPU.Build.0 = Release|Any CPU
	EndGlobalSection
	GlobalSection(SolutionProperties) = preSolution
		HideSolutionNode = FALSE
	EndGlobalSection
	GlobalSection(NestedProjects) = preSolution
		{0CFB353F-288E-42CF-8889-4DB1CAA32CE7} = {ACE83F89-6F6E-46E7-9337-D00BD3CDE174}
		{A4A6386A-2DF4-48E7-B0F3-58147F6D151E} = {0CFB353F-288E-42CF-8889-4DB1CAA32CE7}
		{322019E8-C398-476B-BB31-3C7265080E33} = {0CFB353F-288E-42CF-8889-4DB1CAA32CE7}
		{FB625802-850F-48FD-8C74-D2655DDD7D3D} = {0CFB353F-288E-42CF-8889-4DB1CAA32CE7}
		{2012519D-5F7D-4CF7-A8D2-61842F7AEE7D} = {0CFB353F-288E-42CF-8889-4DB1CAA32CE7}
		{8BF6B70D-629F-40CE-99FD-2C80FB2D7F6A} = {322019E8-C398-476B-BB31-3C7265080E33}
		{9CADA082-8CE4-4202-B933-26DA97925C4D} = {FB625802-850F-48FD-8C74-D2655DDD7D3D}
		{B3CFB0A5-CD4B-4DE6-A683-5117167E5BF6} = {A4A6386A-2DF4-48E7-B0F3-58147F6D151E}
		{20EE6DF7-463A-42AF-96DD-67DF5132DB61} = {2012519D-5F7D-4CF7-A8D2-61842F7AEE7D}
		{B8A87DD2-5226-42E3-A076-C5AA4109D41A} = {ACE83F89-6F6E-46E7-9337-D00BD3CDE174}
		{96128933-180C-4366-BF67-A246C8E8FCFB} = {B8A87DD2-5226-42E3-A076-C5AA4109D41A}
		{E68AA57E-56BA-4010-8300-855FDF21E446} = {B8A87DD2-5226-42E3-A076-C5AA4109D41A}
		{360F16A3-5339-44D0-A2DB-D8879B72D1AC} = {B8A87DD2-5226-42E3-A076-C5AA4109D41A}
		{35A87441-4B29-494A-B3A9-92D2353AE2EC} = {B8A87DD2-5226-42E3-A076-C5AA4109D41A}
		{8F529DAD-7616-4D76-9E9C-04CAA4F3575B} = {96128933-180C-4366-BF67-A246C8E8FCFB}
		{C18995AE-B812-4799-A781-308F12DC0610} = {E68AA57E-56BA-4010-8300-855FDF21E446}
		{73D29BCE-98A1-4562-9A5D-55E5D12B8BD1} = {360F16A3-5339-44D0-A2DB-D8879B72D1AC}
		{6ABA572A-3B12-496F-827C-22F14141BDEA} = {35A87441-4B29-494A-B3A9-92D2353AE2EC}
		{80FD3B46-2E95-4E54-8259-7810FAE1F02E} = {2012519D-5F7D-4CF7-A8D2-61842F7AEE7D}
	EndGlobalSection
	GlobalSection(ExtensibilityGlobals) = postSolution
		SolutionGuid = {C28BF522-1A7E-4BCB-A7FF-07C187221DDE}
	EndGlobalSection
EndGlobal
